
Microsoft Visual Studio Solution File, Format Version 12.00
# Visual Studio 15
VisualStudioVersion = 15.0.28307.421
MinimumVisualStudioVersion = 10.0.40219.1
Project("{FAE04EC0-301F-11D3-BF4B-00C04F79EFBC}") = "TheMazeGame", "TheMazeGame\TheMazeGame.csproj", "{6F9B41E1-E872-41C1-806E-A96180F78D4F}"
EndProject
Project("{FAE04EC0-301F-11D3-BF4B-00C04F79EFBC}") = "TheMaze.WinForms", "TheMaze.WinForms\TheMaze.WinForms.csproj", "{A415E494-8690-428E-B5FF-77C532FFDE8A}"
EndProject
Project("{FAE04EC0-301F-11D3-BF4B-00C04F79EFBC}") = "TheMaze.Core", "TheMaze.Core\TheMaze.Core.csproj", "{A286A531-838A-410B-8A15-7B0157F73190}"
EndProject
Project("{FAE04EC0-301F-11D3-BF4B-00C04F79EFBC}") = "TheMaze.Console", "TheMaze\TheMaze.Console.csproj", "{33AAB051-0312-4BF0-8761-59DD4329D7BD}"
EndProject
Global
	GlobalSection(SolutionConfigurationPlatforms) = preSolution
		Debug|Any CPU = Debug|Any CPU
		Release|Any CPU = Release|Any CPU
	EndGlobalSection
	GlobalSection(ProjectConfigurationPlatforms) = postSolution
		{6F9B41E1-E872-41C1-806E-A96180F78D4F}.Debug|Any CPU.ActiveCfg = Debug|Any CPU
		{6F9B41E1-E872-41C1-806E-A96180F78D4F}.Debug|Any CPU.Build.0 = Debug|Any CPU
		{6F9B41E1-E872-41C1-806E-A96180F78D4F}.Release|Any CPU.ActiveCfg = Release|Any CPU
		{6F9B41E1-E872-41C1-806E-A96180F78D4F}.Release|Any CPU.Build.0 = Release|Any CPU
		{A415E494-8690-428E-B5FF-77C532FFDE8A}.Debug|Any CPU.ActiveCfg = Debug|Any CPU
		{A415E494-8690-428E-B5FF-77C532FFDE8A}.Debug|Any CPU.Build.0 = Debug|Any CPU
		{A415E494-8690-428E-B5FF-77C532FFDE8A}.Release|Any CPU.ActiveCfg = Release|Any CPU
		{A415E494-8690-428E-B5FF-77C532FFDE8A}.Release|Any CPU.Build.0 = Release|Any CPU
		{A286A531-838A-410B-8A15-7B0157F73190}.Debug|Any CPU.ActiveCfg = Debug|Any CPU
		{A286A531-838A-410B-8A15-7B0157F73190}.Debug|Any CPU.Build.0 = Debug|Any CPU
		{A286A531-838A-410B-8A15-7B0157F73190}.Release|Any CPU.ActiveCfg = Release|Any CPU
		{A286A531-838A-410B-8A15-7B0157F73190}.Release|Any CPU.Build.0 = Release|Any CPU
		{33AAB051-0312-4BF0-8761-59DD4329D7BD}.Debug|Any CPU.ActiveCfg = Debug|Any CPU
		{33AAB051-0312-4BF0-8761-59DD4329D7BD}.Debug|Any CPU.Build.0 = Debug|Any CPU
		{33AAB051-0312-4BF0-8761-59DD4329D7BD}.Release|Any CPU.ActiveCfg = Release|Any CPU
		{33AAB051-0312-4BF0-8761-59DD4329D7BD}.Release|Any CPU.Build.0 = Release|Any CPU
	EndGlobalSection
	GlobalSection(SolutionProperties) = preSolution
		HideSolutionNode = FALSE
	EndGlobalSection
	GlobalSection(ExtensibilityGlobals) = postSolution
		SolutionGuid = {D739794C-3B4B-41DB-BFA1-E7EC9A5CCC99}
	EndGlobalSection
EndGlobal
